
Microsoft Visual Studio Solution File, Format Version 12.00
# Visual Studio 15
VisualStudioVersion = 15.0.27130.2036
MinimumVisualStudioVersion = 15.0.26124.0
Project("{9A19103F-16F7-4668-BE54-9A1E7A4F7556}") = "Web", "example\Web\Web.csproj", "{263AD0EB-E1CC-4C40-B681-B361024A20AA}"
EndProject
Global
	GlobalSection(SolutionConfigurationPlatforms) = preSolution
		Debug|Any CPU = Debug|Any CPU
		Release|Any CPU = Release|Any CPU
	EndGlobalSection
	GlobalSection(ProjectConfigurationPlatforms) = postSolution
		{263AD0EB-E1CC-4C40-B681-B361024A20AA}.Debug|Any CPU.ActiveCfg = Debug|Any CPU
		{263AD0EB-E1CC-4C40-B681-B361024A20AA}.Debug|Any CPU.Build.0 = Debug|Any CPU
		{263AD0EB-E1CC-4C40-B681-B361024A20AA}.Release|Any CPU.ActiveCfg = Release|Any CPU
		{263AD0EB-E1CC-4C40-B681-B361024A20AA}.Release|Any CPU.Build.0 = Release|Any CPU
	EndGlobalSection
	GlobalSection(SolutionProperties) = preSolution
		HideSolutionNode = FALSE
	EndGlobalSection
	GlobalSection(ExtensibilityGlobals) = postSolution
		SolutionGuid = {289D2C4A-68F9-4E1D-B217-92EAF9968A22}
	EndGlobalSection
EndGlobal
