
Microsoft Visual Studio Solution File, Format Version 12.00
# Visual Studio Version 17
VisualStudioVersion = 17.0.31710.8
MinimumVisualStudioVersion = 15.0.26124.0
Project("{2150E333-8FDC-42A3-9474-1A3956D46DE8}") = "Solution Items", "Solution Items", "{8EEF9E38-C840-4D8F-9ACF-0A01AB97C345}"
	ProjectSection(SolutionItems) = preProject
		.editorconfig = .editorconfig
		.gitattributes = .gitattributes
		.gitignore = .gitignore
		example\Directory.Build.props = example\Directory.Build.props
		src\Directory.Build.props = src\Directory.Build.props
		test\Directory.Build.props = test\Directory.Build.props
		images\enabled.png = images\enabled.png
		LICENSE.txt = LICENSE.txt
		images\not-enabled.png = images\not-enabled.png
		README.md = README.md
	EndProjectSection
EndProject
Project("{6EC3EE1D-3C4E-46DD-8F32-0CC8E7565705}") = "Swashbuckle.NodaTime.AspNetCore", "src\Swashbuckle.NodaTime.AspNetCore\Swashbuckle.NodaTime.AspNetCore.fsproj", "{99DFE05C-BF2F-4CE7-A8C8-D901449AECCA}"
EndProject
Project("{9A19103F-16F7-4668-BE54-9A1E7A4F7556}") = "Swashbuckle.NodaTime.AspNetCore.Web", "example\Web\Swashbuckle.NodaTime.AspNetCore.Web.csproj", "{72DBCB63-F95B-4A7F-9F2D-264332334E30}"
EndProject
Project("{6EC3EE1D-3C4E-46DD-8F32-0CC8E7565705}") = "Swashbuckle.NodaTime.AspNetCore.Tests", "test\Swashbuckle.NodaTime.AspNetCore.Tests\Swashbuckle.NodaTime.AspNetCore.Tests.fsproj", "{90813A35-D56F-4A02-9A04-10E0BD005B2A}"
EndProject
Global
	GlobalSection(SolutionConfigurationPlatforms) = preSolution
		Debug|Any CPU = Debug|Any CPU
		Release|Any CPU = Release|Any CPU
	EndGlobalSection
	GlobalSection(ProjectConfigurationPlatforms) = postSolution
		{99DFE05C-BF2F-4CE7-A8C8-D901449AECCA}.Debug|Any CPU.ActiveCfg = Debug|Any CPU
		{99DFE05C-BF2F-4CE7-A8C8-D901449AECCA}.Debug|Any CPU.Build.0 = Debug|Any CPU
		{99DFE05C-BF2F-4CE7-A8C8-D901449AECCA}.Release|Any CPU.ActiveCfg = Release|Any CPU
		{99DFE05C-BF2F-4CE7-A8C8-D901449AECCA}.Release|Any CPU.Build.0 = Release|Any CPU
		{72DBCB63-F95B-4A7F-9F2D-264332334E30}.Debug|Any CPU.ActiveCfg = Debug|Any CPU
		{72DBCB63-F95B-4A7F-9F2D-264332334E30}.Release|Any CPU.ActiveCfg = Release|Any CPU
		{90813A35-D56F-4A02-9A04-10E0BD005B2A}.Debug|Any CPU.ActiveCfg = Debug|Any CPU
		{90813A35-D56F-4A02-9A04-10E0BD005B2A}.Debug|Any CPU.Build.0 = Debug|Any CPU
		{90813A35-D56F-4A02-9A04-10E0BD005B2A}.Release|Any CPU.ActiveCfg = Release|Any CPU
	EndGlobalSection
	GlobalSection(SolutionProperties) = preSolution
		HideSolutionNode = FALSE
	EndGlobalSection
	GlobalSection(ExtensibilityGlobals) = postSolution
		SolutionGuid = {30E22DEE-AD0D-4926-824F-B03924DE4761}
	EndGlobalSection
EndGlobal
