
Microsoft Visual Studio Solution File, Format Version 12.00
# Visual Studio 14
VisualStudioVersion = 14.0.24720.0
MinimumVisualStudioVersion = 10.0.40219.1
Project("{F2A71F9B-5D33-465A-A702-920D77279786}") = "Swashbuckle.NodaTime", "Swashbuckle.NodaTime\Swashbuckle.NodaTime.fsproj", "{9AA005E6-FBEE-4B34-BE51-CFF4391F6574}"
EndProject
Project("{F2A71F9B-5D33-465A-A702-920D77279786}") = "Swashbuckle.NodaTime.Tests", "Swashbuckle.NodaTime.Tests\Swashbuckle.NodaTime.Tests.fsproj", "{684DE60C-E754-47D2-9CF2-C8230B40E5A3}"
EndProject
Global
	GlobalSection(SolutionConfigurationPlatforms) = preSolution
		Debug|Any CPU = Debug|Any CPU
		Release|Any CPU = Release|Any CPU
	EndGlobalSection
	GlobalSection(ProjectConfigurationPlatforms) = postSolution
		{9AA005E6-FBEE-4B34-BE51-CFF4391F6574}.Debug|Any CPU.ActiveCfg = Debug|Any CPU
		{9AA005E6-FBEE-4B34-BE51-CFF4391F6574}.Debug|Any CPU.Build.0 = Debug|Any CPU
		{9AA005E6-FBEE-4B34-BE51-CFF4391F6574}.Release|Any CPU.ActiveCfg = Release|Any CPU
		{9AA005E6-FBEE-4B34-BE51-CFF4391F6574}.Release|Any CPU.Build.0 = Release|Any CPU
		{684DE60C-E754-47D2-9CF2-C8230B40E5A3}.Debug|Any CPU.ActiveCfg = Debug|Any CPU
		{684DE60C-E754-47D2-9CF2-C8230B40E5A3}.Debug|Any CPU.Build.0 = Debug|Any CPU
		{684DE60C-E754-47D2-9CF2-C8230B40E5A3}.Release|Any CPU.ActiveCfg = Release|Any CPU
		{684DE60C-E754-47D2-9CF2-C8230B40E5A3}.Release|Any CPU.Build.0 = Release|Any CPU
	EndGlobalSection
	GlobalSection(SolutionProperties) = preSolution
		HideSolutionNode = FALSE
	EndGlobalSection
EndGlobal
