
Microsoft Visual Studio Solution File, Format Version 12.00
# Visual Studio 15
VisualStudioVersion = 15.0.26906.1
MinimumVisualStudioVersion = 15.0.26124.0
Project("{6EC3EE1D-3C4E-46DD-8F32-0CC8E7565705}") = "Swashbuckle.NodaTime", "Swashbuckle.NodaTime\Swashbuckle.NodaTime.fsproj", "{D24EC3FB-6415-49DD-903B-A8B044F837A6}"
EndProject
Project("{6EC3EE1D-3C4E-46DD-8F32-0CC8E7565705}") = "Swashbuckle.NodaTime.Tests", "Swashbuckle.NodaTime.Tests\Swashbuckle.NodaTime.Tests.fsproj", "{4016AAA7-B75D-493D-B168-BDD3764DDB0E}"
EndProject
Global
	GlobalSection(SolutionConfigurationPlatforms) = preSolution
		Debug|Any CPU = Debug|Any CPU
		Debug|x64 = Debug|x64
		Debug|x86 = Debug|x86
		Release|Any CPU = Release|Any CPU
		Release|x64 = Release|x64
		Release|x86 = Release|x86
	EndGlobalSection
	GlobalSection(ProjectConfigurationPlatforms) = postSolution
		{D24EC3FB-6415-49DD-903B-A8B044F837A6}.Debug|Any CPU.ActiveCfg = Debug|Any CPU
		{D24EC3FB-6415-49DD-903B-A8B044F837A6}.Debug|Any CPU.Build.0 = Debug|Any CPU
		{D24EC3FB-6415-49DD-903B-A8B044F837A6}.Debug|x64.ActiveCfg = Debug|Any CPU
		{D24EC3FB-6415-49DD-903B-A8B044F837A6}.Debug|x64.Build.0 = Debug|Any CPU
		{D24EC3FB-6415-49DD-903B-A8B044F837A6}.Debug|x86.ActiveCfg = Debug|Any CPU
		{D24EC3FB-6415-49DD-903B-A8B044F837A6}.Debug|x86.Build.0 = Debug|Any CPU
		{D24EC3FB-6415-49DD-903B-A8B044F837A6}.Release|Any CPU.ActiveCfg = Release|Any CPU
		{D24EC3FB-6415-49DD-903B-A8B044F837A6}.Release|Any CPU.Build.0 = Release|Any CPU
		{D24EC3FB-6415-49DD-903B-A8B044F837A6}.Release|x64.ActiveCfg = Release|Any CPU
		{D24EC3FB-6415-49DD-903B-A8B044F837A6}.Release|x64.Build.0 = Release|Any CPU
		{D24EC3FB-6415-49DD-903B-A8B044F837A6}.Release|x86.ActiveCfg = Release|Any CPU
		{D24EC3FB-6415-49DD-903B-A8B044F837A6}.Release|x86.Build.0 = Release|Any CPU
		{4016AAA7-B75D-493D-B168-BDD3764DDB0E}.Debug|Any CPU.ActiveCfg = Debug|Any CPU
		{4016AAA7-B75D-493D-B168-BDD3764DDB0E}.Debug|Any CPU.Build.0 = Debug|Any CPU
		{4016AAA7-B75D-493D-B168-BDD3764DDB0E}.Debug|x64.ActiveCfg = Debug|Any CPU
		{4016AAA7-B75D-493D-B168-BDD3764DDB0E}.Debug|x64.Build.0 = Debug|Any CPU
		{4016AAA7-B75D-493D-B168-BDD3764DDB0E}.Debug|x86.ActiveCfg = Debug|Any CPU
		{4016AAA7-B75D-493D-B168-BDD3764DDB0E}.Debug|x86.Build.0 = Debug|Any CPU
		{4016AAA7-B75D-493D-B168-BDD3764DDB0E}.Release|Any CPU.ActiveCfg = Release|Any CPU
		{4016AAA7-B75D-493D-B168-BDD3764DDB0E}.Release|Any CPU.Build.0 = Release|Any CPU
		{4016AAA7-B75D-493D-B168-BDD3764DDB0E}.Release|x64.ActiveCfg = Release|Any CPU
		{4016AAA7-B75D-493D-B168-BDD3764DDB0E}.Release|x64.Build.0 = Release|Any CPU
		{4016AAA7-B75D-493D-B168-BDD3764DDB0E}.Release|x86.ActiveCfg = Release|Any CPU
		{4016AAA7-B75D-493D-B168-BDD3764DDB0E}.Release|x86.Build.0 = Release|Any CPU
	EndGlobalSection
	GlobalSection(SolutionProperties) = preSolution
		HideSolutionNode = FALSE
	EndGlobalSection
	GlobalSection(ExtensibilityGlobals) = postSolution
		SolutionGuid = {30E22DEE-AD0D-4926-824F-B03924DE4761}
	EndGlobalSection
EndGlobal
